
Microsoft Visual Studio Solution File, Format Version 12.00
# Visual Studio Version 17
VisualStudioVersion = 17.10.35122.118
MinimumVisualStudioVersion = 10.0.40219.1
Project("{FAE04EC0-301F-11D3-BF4B-00C04F79EFBC}") = "DinheiroPublicoPolitico.API", "DinheiroPublicoPolitico.API\DinheiroPublicoPolitico.API.csproj", "{1BE5F4EC-4C0E-42BF-BF35-FB03FCBAFD0A}"
EndProject
Project("{FAE04EC0-301F-11D3-BF4B-00C04F79EFBC}") = "TSERepositorio", "TSERepositorio\TSERepositorio.csproj", "{14E97FAD-D0A0-444E-AD44-F8EEE67FBBC9}"
EndProject
Global
	GlobalSection(SolutionConfigurationPlatforms) = preSolution
		Debug|Any CPU = Debug|Any CPU
		Release|Any CPU = Release|Any CPU
	EndGlobalSection
	GlobalSection(ProjectConfigurationPlatforms) = postSolution
		{1BE5F4EC-4C0E-42BF-BF35-FB03FCBAFD0A}.Debug|Any CPU.ActiveCfg = Debug|Any CPU
		{1BE5F4EC-4C0E-42BF-BF35-FB03FCBAFD0A}.Debug|Any CPU.Build.0 = Debug|Any CPU
		{1BE5F4EC-4C0E-42BF-BF35-FB03FCBAFD0A}.Release|Any CPU.ActiveCfg = Release|Any CPU
		{1BE5F4EC-4C0E-42BF-BF35-FB03FCBAFD0A}.Release|Any CPU.Build.0 = Release|Any CPU
		{14E97FAD-D0A0-444E-AD44-F8EEE67FBBC9}.Debug|Any CPU.ActiveCfg = Debug|Any CPU
		{14E97FAD-D0A0-444E-AD44-F8EEE67FBBC9}.Debug|Any CPU.Build.0 = Debug|Any CPU
		{14E97FAD-D0A0-444E-AD44-F8EEE67FBBC9}.Release|Any CPU.ActiveCfg = Release|Any CPU
		{14E97FAD-D0A0-444E-AD44-F8EEE67FBBC9}.Release|Any CPU.Build.0 = Release|Any CPU
	EndGlobalSection
	GlobalSection(SolutionProperties) = preSolution
		HideSolutionNode = FALSE
	EndGlobalSection
	GlobalSection(ExtensibilityGlobals) = postSolution
		SolutionGuid = {242AF28D-A8E8-4E0C-BFDA-D03069D71B95}
	EndGlobalSection
EndGlobal
